
Microsoft Visual Studio Solution File, Format Version 12.00
# Visual Studio 15
VisualStudioVersion = 15.0.27428.2043
MinimumVisualStudioVersion = 10.0.40219.1
Project("{FAE04EC0-301F-11D3-BF4B-00C04F79EFBC}") = "BDO-Timers", "BDO-Timers\BDO-Timers.csproj", "{99671299-C983-4C3F-9DE9-E8D042CF84A6}"
EndProject
Global
	GlobalSection(SolutionConfigurationPlatforms) = preSolution
		Debug|Any CPU = Debug|Any CPU
		Release|Any CPU = Release|Any CPU
	EndGlobalSection
	GlobalSection(ProjectConfigurationPlatforms) = postSolution
		{99671299-C983-4C3F-9DE9-E8D042CF84A6}.Debug|Any CPU.ActiveCfg = Debug|Any CPU
		{99671299-C983-4C3F-9DE9-E8D042CF84A6}.Debug|Any CPU.Build.0 = Debug|Any CPU
		{99671299-C983-4C3F-9DE9-E8D042CF84A6}.Release|Any CPU.ActiveCfg = Release|Any CPU
		{99671299-C983-4C3F-9DE9-E8D042CF84A6}.Release|Any CPU.Build.0 = Release|Any CPU
	EndGlobalSection
	GlobalSection(SolutionProperties) = preSolution
		HideSolutionNode = FALSE
	EndGlobalSection
	GlobalSection(ExtensibilityGlobals) = postSolution
		SolutionGuid = {7CD9A54B-755D-4846-A229-FB82EFC7D57E}
	EndGlobalSection
EndGlobal
